
Microsoft Visual Studio Solution File, Format Version 12.00
# Visual Studio Version 17
VisualStudioVersion = 17.14.36127.28 d17.14
MinimumVisualStudioVersion = 10.0.40219.1
Project("{FAE04EC0-301F-11D3-BF4B-00C04F79EFBC}") = "Basic_MVC_Example", "PatikaOdev34\Basic_MVC_Example.csproj", "{DD7E3437-C91A-4609-87F5-9DFF80792545}"
EndProject
Global
	GlobalSection(SolutionConfigurationPlatforms) = preSolution
		Debug|Any CPU = Debug|Any CPU
		Release|Any CPU = Release|Any CPU
	EndGlobalSection
	GlobalSection(ProjectConfigurationPlatforms) = postSolution
		{DD7E3437-C91A-4609-87F5-9DFF80792545}.Debug|Any CPU.ActiveCfg = Debug|Any CPU
		{DD7E3437-C91A-4609-87F5-9DFF80792545}.Debug|Any CPU.Build.0 = Debug|Any CPU
		{DD7E3437-C91A-4609-87F5-9DFF80792545}.Release|Any CPU.ActiveCfg = Release|Any CPU
		{DD7E3437-C91A-4609-87F5-9DFF80792545}.Release|Any CPU.Build.0 = Release|Any CPU
	EndGlobalSection
	GlobalSection(SolutionProperties) = preSolution
		HideSolutionNode = FALSE
	EndGlobalSection
	GlobalSection(ExtensibilityGlobals) = postSolution
		SolutionGuid = {A7EC0297-216D-4697-B3C7-347FE07D43EC}
	EndGlobalSection
EndGlobal
